{
  "name": "web-meeting-recorder-extension",
  "version": "1.0.0",
  "lockfileVersion": 3,
  "requires": true,
  "packages": {
    "": {
      "name": "web-meeting-recorder-extension",
      "version": "1.0.0",
      "license": "ISC",
      "dependencies": {
        "lamejs": "^1.2.1"
      }
    },
    "node_modules/lamejs": {
      "version": "1.2.1",
      "resolved": "https://registry.npmmirror.com/lamejs/-/lamejs-1.2.1.tgz",
      "integrity": "sha512-s7bxvjvYthw6oPLCm5pFxvA84wUROODB8jEO2+CE1adhKgrIvVOlmMgY8zyugxGrvRaDHNJanOiS21/emty6dQ==",
      "license": "LGPL-3.0",
      "dependencies": {
        "use-strict": "1.0.1"
      }
    },
    "node_modules/use-strict": {
      "version": "1.0.1",
      "resolved": "https://registry.npmmirror.com/use-strict/-/use-strict-1.0.1.tgz",
      "integrity": "sha512-IeiWvvEXfW5ltKVMkxq6FvNf2LojMKvB2OCeja6+ct24S1XOmQw2dGr2JyndwACWAGJva9B7yPHwAmeA9QCqAQ==",
      "license": "ISC"
    }
  }
}
